
Microsoft Visual Studio Solution File, Format Version 12.00
# Visual Studio Version 16
VisualStudioVersion = 16.0.31624.102
MinimumVisualStudioVersion = 10.0.40219.1
Project("{FAE04EC0-301F-11D3-BF4B-00C04F79EFBC}") = "SQL_Server_01", "SQL_Server_01.csproj", "{D08CC857-7896-4180-9145-CD25E4BF4376}"
EndProject
Global
	GlobalSection(SolutionConfigurationPlatforms) = preSolution
		Debug|Any CPU = Debug|Any CPU
		Release|Any CPU = Release|Any CPU
	EndGlobalSection
	GlobalSection(ProjectConfigurationPlatforms) = postSolution
		{D08CC857-7896-4180-9145-CD25E4BF4376}.Debug|Any CPU.ActiveCfg = Debug|Any CPU
		{D08CC857-7896-4180-9145-CD25E4BF4376}.Debug|Any CPU.Build.0 = Debug|Any CPU
		{D08CC857-7896-4180-9145-CD25E4BF4376}.Release|Any CPU.ActiveCfg = Release|Any CPU
		{D08CC857-7896-4180-9145-CD25E4BF4376}.Release|Any CPU.Build.0 = Release|Any CPU
	EndGlobalSection
	GlobalSection(SolutionProperties) = preSolution
		HideSolutionNode = FALSE
	EndGlobalSection
	GlobalSection(ExtensibilityGlobals) = postSolution
		SolutionGuid = {BE5532BA-ADF8-4B75-8C9E-8FBF7C03F7AB}
	EndGlobalSection
EndGlobal
